{
  "name": "autonomous-delegation-daemon",
  "version": "0.1.0",
  "lockfileVersion": 3,
  "requires": true,
  "packages": {
    "": {
      "name": "autonomous-delegation-daemon",
      "version": "0.1.0",
      "license": "MIT",
      "bin": {
        "autodelegate-daemon": "bin/autodelegate-daemon.mjs",
        "autodelegate-init": "bin/autodelegate-init.mjs",
        "autodelegate-status": "bin/autodelegate-status.mjs",
        "autodelegate-submit": "bin/autodelegate-submit.mjs"
      },
      "engines": {
        "node": ">=18"
      }
    }
  }
}
